
Microsoft Visual Studio Solution File, Format Version 12.00
# Visual Studio 15
Project("{FAE04EC0-301F-11D3-BF4B-00C04F79EFBC}") = "PipeTest", "PipeTest\PipeTest.csproj", "{A96DD52F-2EB9-4F37-97B9-007A1A6A8E86}"
EndProject
Global
	GlobalSection(SolutionConfigurationPlatforms) = preSolution
		Debug|x86 = Debug|x86
		Release|x86 = Release|x86
	EndGlobalSection
	GlobalSection(ProjectConfigurationPlatforms) = postSolution
		{A96DD52F-2EB9-4F37-97B9-007A1A6A8E86}.Debug|x86.ActiveCfg = Debug|x86
		{A96DD52F-2EB9-4F37-97B9-007A1A6A8E86}.Debug|x86.Build.0 = Debug|x86
		{A96DD52F-2EB9-4F37-97B9-007A1A6A8E86}.Release|x86.ActiveCfg = Release|x86
		{A96DD52F-2EB9-4F37-97B9-007A1A6A8E86}.Release|x86.Build.0 = Release|x86
	EndGlobalSection
EndGlobal
